
Microsoft Visual Studio Solution File, Format Version 12.00
# Visual Studio Version 16
VisualStudioVersion = 16.0.30524.135
MinimumVisualStudioVersion = 10.0.40219.1
Project("{FAE04EC0-301F-11D3-BF4B-00C04F79EFBC}") = "FluentValidationDotNetCore", "FluentValidationDotNetCore\FluentValidationDotNetCore.csproj", "{5811D682-4930-4D23-B0A7-0A01D30C01E1}"
EndProject
Project("{FAE04EC0-301F-11D3-BF4B-00C04F79EFBC}") = "ExternalModels", "ExternalModels\ExternalModels.csproj", "{E25B2CD5-8B04-4E55-B058-E901EA60F067}"
EndProject
Global
	GlobalSection(SolutionConfigurationPlatforms) = preSolution
		Debug|Any CPU = Debug|Any CPU
		Release|Any CPU = Release|Any CPU
	EndGlobalSection
	GlobalSection(ProjectConfigurationPlatforms) = postSolution
		{5811D682-4930-4D23-B0A7-0A01D30C01E1}.Debug|Any CPU.ActiveCfg = Debug|Any CPU
		{5811D682-4930-4D23-B0A7-0A01D30C01E1}.Debug|Any CPU.Build.0 = Debug|Any CPU
		{5811D682-4930-4D23-B0A7-0A01D30C01E1}.Release|Any CPU.ActiveCfg = Release|Any CPU
		{5811D682-4930-4D23-B0A7-0A01D30C01E1}.Release|Any CPU.Build.0 = Release|Any CPU
		{E25B2CD5-8B04-4E55-B058-E901EA60F067}.Debug|Any CPU.ActiveCfg = Debug|Any CPU
		{E25B2CD5-8B04-4E55-B058-E901EA60F067}.Debug|Any CPU.Build.0 = Debug|Any CPU
		{E25B2CD5-8B04-4E55-B058-E901EA60F067}.Release|Any CPU.ActiveCfg = Release|Any CPU
		{E25B2CD5-8B04-4E55-B058-E901EA60F067}.Release|Any CPU.Build.0 = Release|Any CPU
	EndGlobalSection
	GlobalSection(SolutionProperties) = preSolution
		HideSolutionNode = FALSE
	EndGlobalSection
	GlobalSection(ExtensibilityGlobals) = postSolution
		SolutionGuid = {AE26B198-949C-4E84-9D95-FFAE06037FF3}
	EndGlobalSection
EndGlobal
